
Microsoft Visual Studio Solution File, Format Version 12.00
# Visual Studio Version 17
VisualStudioVersion = 17.2.32602.215
MinimumVisualStudioVersion = 10.0.40219.1
Project("{FAE04EC0-301F-11D3-BF4B-00C04F79EFBC}") = "NLIMs_SpecFlow_POC", "NLIMs_SpecFlow_POC\NLIMs_SpecFlow_POC.csproj", "{180258E3-5348-48BD-8D69-345BE0190CF8}"
EndProject
Global
	GlobalSection(SolutionConfigurationPlatforms) = preSolution
		Debug|Any CPU = Debug|Any CPU
		Release|Any CPU = Release|Any CPU
	EndGlobalSection
	GlobalSection(ProjectConfigurationPlatforms) = postSolution
		{180258E3-5348-48BD-8D69-345BE0190CF8}.Debug|Any CPU.ActiveCfg = Debug|Any CPU
		{180258E3-5348-48BD-8D69-345BE0190CF8}.Debug|Any CPU.Build.0 = Debug|Any CPU
		{180258E3-5348-48BD-8D69-345BE0190CF8}.Release|Any CPU.ActiveCfg = Release|Any CPU
		{180258E3-5348-48BD-8D69-345BE0190CF8}.Release|Any CPU.Build.0 = Release|Any CPU
	EndGlobalSection
	GlobalSection(SolutionProperties) = preSolution
		HideSolutionNode = FALSE
	EndGlobalSection
	GlobalSection(ExtensibilityGlobals) = postSolution
		SolutionGuid = {32BC268C-051A-4B2A-AF80-F1BE12C08ED2}
	EndGlobalSection
EndGlobal
